
Microsoft Visual Studio Solution File, Format Version 12.00
# Visual Studio Version 17
VisualStudioVersion = 17.0.31903.59
MinimumVisualStudioVersion = 10.0.40219.1
Project("{FAE04EC0-301F-11D3-BF4B-00C04F79EFBC}") = "functionCnsole", "functionCnsole.csproj", "{28FA6E69-ABA0-45F3-9413-E2DEC8A91CAE}"
EndProject
Global
	GlobalSection(SolutionConfigurationPlatforms) = preSolution
		Debug|Any CPU = Debug|Any CPU
		Release|Any CPU = Release|Any CPU
	EndGlobalSection
	GlobalSection(ProjectConfigurationPlatforms) = postSolution
		{28FA6E69-ABA0-45F3-9413-E2DEC8A91CAE}.Debug|Any CPU.ActiveCfg = Debug|Any CPU
		{28FA6E69-ABA0-45F3-9413-E2DEC8A91CAE}.Debug|Any CPU.Build.0 = Debug|Any CPU
		{28FA6E69-ABA0-45F3-9413-E2DEC8A91CAE}.Release|Any CPU.ActiveCfg = Release|Any CPU
		{28FA6E69-ABA0-45F3-9413-E2DEC8A91CAE}.Release|Any CPU.Build.0 = Release|Any CPU
	EndGlobalSection
	GlobalSection(SolutionProperties) = preSolution
		HideSolutionNode = FALSE
	EndGlobalSection
	GlobalSection(ExtensibilityGlobals) = postSolution
		SolutionGuid = {F61FF27D-F087-4B98-90F0-E48CC097A53B}
	EndGlobalSection
EndGlobal
